{
  "requires": true,
  "lockfileVersion": 1,
  "dependencies": {
    "tachyons-custom": {
      "version": "4.9.6",
      "resolved": "https://registry.npmjs.org/tachyons-custom/-/tachyons-custom-4.9.6.tgz",
      "integrity": "sha512-HsrN1C8GTj9Tr8Ki4XMZdd1ye2O8YLVUXNAJiga3DzcdY4pRuEMYcvjOk0wAGEdVgePPSAWAsE+CWNZzNagEJw=="
    },
    "tachyons-sass": {
      "version": "4.9.5",
      "resolved": "https://registry.npmjs.org/tachyons-sass/-/tachyons-sass-4.9.5.tgz",
      "integrity": "sha512-GPPUIoM+8OkaHF7Ii8+AE5AQzVekfrRnGv55oXYTspXw8BMThmiXr/HrCUmYGiuSnBG73T0862tvzqLGP8B/Mg==",
      "requires": {
        "tachyons-custom": "^4.9.5"
      }
    }
  }
}
